// !$*UTF8*$!
{
	archiveVersion = 1;
	classes = {
	};
	objectVersion = 56;
	objects = {

/* Begin PBXBuildFile section */
		01000001000000010000001 /* OrbitCoveApp.swift in Sources */ = {isa = PBXBuildFile; fileRef = 01000002000000010000001 /* OrbitCoveApp.swift */; };
		01000003000000010000001 /* ContentView.swift in Sources */ = {isa = PBXBuildFile; fileRef = 01000004000000010000001 /* ContentView.swift */; };
		01000005000000010000001 /* Assets.xcassets in Resources */ = {isa = PBXBuildFile; fileRef = 01000006000000010000001 /* Assets.xcassets */; };
		01000007000000010000001 /* AppState.swift in Sources */ = {isa = PBXBuildFile; fileRef = 01000008000000010000001 /* AppState.swift */; };
		01000009000000010000001 /* Community.swift in Sources */ = {isa = PBXBuildFile; fileRef = 0100000A000000010000001 /* Community.swift */; };
		0100000B000000010000001 /* User.swift in Sources */ = {isa = PBXBuildFile; fileRef = 0100000C000000010000001 /* User.swift */; };
		0100000D000000010000001 /* CommunityDetailView.swift in Sources */ = {isa = PBXBuildFile; fileRef = 0100000E000000010000001 /* CommunityDetailView.swift */; };
		0100000F000000010000001 /* AddCommunityView.swift in Sources */ = {isa = PBXBuildFile; fileRef = 01000010000000010000001 /* AddCommunityView.swift */; };
		01000011000000010000001 /* CommunityCardView.swift in Sources */ = {isa = PBXBuildFile; fileRef = 01000012000000010000001 /* CommunityCardView.swift */; };
		01000013000000010000001 /* PrivacyService.swift in Sources */ = {isa = PBXBuildFile; fileRef = 01000014000000010000001 /* PrivacyService.swift */; };
/* End PBXBuildFile section */

/* Begin PBXFileReference section */
		01000015000000010000001 /* OrbitCove.app */ = {isa = PBXFileReference; explicitFileType = wrapper.application; includeInIndex = 0; path = OrbitCove.app; sourceTree = BUILT_PRODUCTS_DIR; };
		01000002000000010000001 /* OrbitCoveApp.swift */ = {isa = PBXFileReference; lastKnownFileType = sourcecode.swift; path = OrbitCoveApp.swift; sourceTree = "<group>"; };
		01000004000000010000001 /* ContentView.swift */ = {isa = PBXFileReference; lastKnownFileType = sourcecode.swift; path = ContentView.swift; sourceTree = "<group>"; };
		01000006000000010000001 /* Assets.xcassets */ = {isa = PBXFileReference; lastKnownFileType = folder.assetcatalog; path = Assets.xcassets; sourceTree = "<group>"; };
		01000008000000010000001 /* AppState.swift */ = {isa = PBXFileReference; lastKnownFileType = sourcecode.swift; path = AppState.swift; sourceTree = "<group>"; };
		0100000A000000010000001 /* Community.swift */ = {isa = PBXFileReference; lastKnownFileType = sourcecode.swift; path = Community.swift; sourceTree = "<group>"; };
		0100000C000000010000001 /* User.swift */ = {isa = PBXFileReference; lastKnownFileType = sourcecode.swift; path = User.swift; sourceTree = "<group>"; };
		0100000E000000010000001 /* CommunityDetailView.swift */ = {isa = PBXFileReference; lastKnownFileType = sourcecode.swift; path = CommunityDetailView.swift; sourceTree = "<group>"; };
		01000010000000010000001 /* AddCommunityView.swift */ = {isa = PBXFileReference; lastKnownFileType = sourcecode.swift; path = AddCommunityView.swift; sourceTree = "<group>"; };
		01000012000000010000001 /* CommunityCardView.swift */ = {isa = PBXFileReference; lastKnownFileType = sourcecode.swift; path = CommunityCardView.swift; sourceTree = "<group>"; };
		01000014000000010000001 /* PrivacyService.swift */ = {isa = PBXFileReference; lastKnownFileType = sourcecode.swift; path = PrivacyService.swift; sourceTree = "<group>"; };
		01000016000000010000001 /* Info.plist */ = {isa = PBXFileReference; lastKnownFileType = text.plist.xml; path = Info.plist; sourceTree = "<group>"; };
/* End PBXFileReference section */

/* Begin PBXFrameworksBuildPhase section */
		01000017000000010000001 /* Frameworks */ = {
			isa = PBXFrameworksBuildPhase;
			buildActionMask = 2147483647;
			files = (
			);
			runOnlyForDeploymentPostprocessing = 0;
		};
/* End PBXFrameworksBuildPhase section */

/* Begin PBXGroup section */
		01000018000000010000001 = {
			isa = PBXGroup;
			children = (
				01000019000000010000001 /* OrbitCove */,
				0100001A000000010000001 /* Products */,
			);
			sourceTree = "<group>";
		};
		01000019000000010000001 /* OrbitCove */ = {
			isa = PBXGroup;
			children = (
				01000002000000010000001 /* OrbitCoveApp.swift */,
				01000016000000010000001 /* Info.plist */,
				0100001B000000010000001 /* Models */,
				0100001C000000010000001 /* Views */,
				0100001D000000010000001 /* Components */,
				0100001E000000010000001 /* Services */,
				01000006000000010000001 /* Assets.xcassets */,
			);
			path = OrbitCove;
			sourceTree = "<group>";
		};
		0100001A000000010000001 /* Products */ = {
			isa = PBXGroup;
			children = (
				01000015000000010000001 /* OrbitCove.app */,
			);
			name = Products;
			sourceTree = "<group>";
		};
		0100001B000000010000001 /* Models */ = {
			isa = PBXGroup;
			children = (
				01000008000000010000001 /* AppState.swift */,
				0100000A000000010000001 /* Community.swift */,
				0100000C000000010000001 /* User.swift */,
			);
			path = Models;
			sourceTree = "<group>";
		};
		0100001C000000010000001 /* Views */ = {
			isa = PBXGroup;
			children = (
				01000004000000010000001 /* ContentView.swift */,
				0100000E000000010000001 /* CommunityDetailView.swift */,
				01000010000000010000001 /* AddCommunityView.swift */,
			);
			path = Views;
			sourceTree = "<group>";
		};
		0100001D000000010000001 /* Components */ = {
			isa = PBXGroup;
			children = (
				01000012000000010000001 /* CommunityCardView.swift */,
			);
			path = Components;
			sourceTree = "<group>";
		};
		0100001E000000010000001 /* Services */ = {
			isa = PBXGroup;
			children = (
				01000014000000010000001 /* PrivacyService.swift */,
			);
			path = Services;
			sourceTree = "<group>";
		};
/* End PBXGroup section */

/* Begin PBXNativeTarget section */
		0100001F000000010000001 /* OrbitCove */ = {
			isa = PBXNativeTarget;
			buildConfigurationList = 01000020000000010000001 /* Build configuration list for PBXNativeTarget "OrbitCove" */;
			buildPhases = (
				01000021000000010000001 /* Sources */,
				01000017000000010000001 /* Frameworks */,
				01000022000000010000001 /* Resources */,
			);
			buildRules = (
			);
			dependencies = (
			);
			name = OrbitCove;
			productName = OrbitCove;
			productReference = 01000015000000010000001 /* OrbitCove.app */;
			productType = "com.apple.product-type.application";
		};
/* End PBXNativeTarget section */

/* Begin PBXProject section */
		01000023000000010000001 /* Project object */ = {
			isa = PBXProject;
			attributes = {
				BuildIndependentTargetsInParallel = 1;
				LastSwiftUpdateCheck = 1500;
				LastUpgradeCheck = 1500;
				TargetAttributes = {
					0100001F000000010000001 = {
						CreatedOnToolsVersion = 15.0;
					};
				};
			};
			buildConfigurationList = 01000024000000010000001 /* Build configuration list for PBXProject "OrbitCove" */;
			compatibilityVersion = "Xcode 14.0";
			developmentRegion = en;
			hasScannedForEncodings = 0;
			knownRegions = (
				en,
				Base,
			);
			mainGroup = 01000018000000010000001;
			productRefGroup = 0100001A000000010000001 /* Products */;
			projectDirPath = "";
			projectRoot = "";
			targets = (
				0100001F000000010000001 /* OrbitCove */,
			);
		};
/* End PBXProject section */

/* Begin PBXResourcesBuildPhase section */
		01000022000000010000001 /* Resources */ = {
			isa = PBXResourcesBuildPhase;
			buildActionMask = 2147483647;
			files = (
				01000005000000010000001 /* Assets.xcassets in Resources */,
			);
			runOnlyForDeploymentPostprocessing = 0;
		};
/* End PBXResourcesBuildPhase section */

/* Begin PBXSourcesBuildPhase section */
		01000021000000010000001 /* Sources */ = {
			isa = PBXSourcesBuildPhase;
			buildActionMask = 2147483647;
			files = (
				01000001000000010000001 /* OrbitCoveApp.swift in Sources */,
				01000003000000010000001 /* ContentView.swift in Sources */,
				01000007000000010000001 /* AppState.swift in Sources */,
				01000009000000010000001 /* Community.swift in Sources */,
				0100000B000000010000001 /* User.swift in Sources */,
				0100000D000000010000001 /* CommunityDetailView.swift in Sources */,
				0100000F000000010000001 /* AddCommunityView.swift in Sources */,
				01000011000000010000001 /* CommunityCardView.swift in Sources */,
				01000013000000010000001 /* PrivacyService.swift in Sources */,
			);
			runOnlyForDeploymentPostprocessing = 0;
		};
/* End PBXSourcesBuildPhase section */

/* Begin XCBuildConfiguration section */
		01000025000000010000001 /* Debug */ = {
			isa = XCBuildConfiguration;
			buildSettings = {
				ALWAYS_SEARCH_USER_PATHS = NO;
				ASSETCATALOG_COMPILER_GENERATE_SWIFT_ASSET_SYMBOL_EXTENSIONS = YES;
				CLANG_ANALYZER_NONNULL = YES;
				CLANG_ANALYZER_NUMBER_OBJECT_CONVERSION = YES_AGGRESSIVE;
				CLANG_CXX_LANGUAGE_STANDARD = "gnu++20";
				CLANG_ENABLE_MODULES = YES;
				CLANG_ENABLE_OBJC_ARC = YES;
				CLANG_ENABLE_OBJC_WEAK = YES;
				CLANG_WARN_BLOCK_CAPTURE_AUTORELEASING = YES;
				CLANG_WARN_BOOL_CONVERSION = YES;
				CLANG_WARN_COMMA = YES;
				CLANG_WARN_CONSTANT_CONVERSION = YES;
				CLANG_WARN_DEPRECATED_OBJC_IMPLEMENTATIONS = YES;
				CLANG_WARN_DIRECT_OBJC_ISA_USAGE = YES_ERROR;
				CLANG_WARN_DOCUMENTATION_COMMENTS = YES;
				CLANG_WARN_EMPTY_BODY = YES;
				CLANG_WARN_ENUM_CONVERSION = YES;
				CLANG_WARN_INFINITE_RECURSION = YES;
				CLANG_WARN_INT_CONVERSION = YES;
				CLANG_WARN_NON_LITERAL_NULL_CONVERSION = YES;
				CLANG_WARN_OBJC_IMPLICIT_RETAIN_SELF = YES;
				CLANG_WARN_OBJC_LITERAL_CONVERSION = YES;
				CLANG_WARN_OBJC_ROOT_CLASS = YES_ERROR;
				CLANG_WARN_QUOTED_INCLUDE_IN_FRAMEWORK_HEADER = YES;
				CLANG_WARN_RANGE_LOOP_ANALYSIS = YES;
				CLANG_WARN_STRICT_PROTOTYPES = YES;
				CLANG_WARN_SUSPICIOUS_MOVE = YES;
				CLANG_WARN_UNGUARDED_AVAILABILITY = YES_AGGRESSIVE;
				CLANG_WARN_UNREACHABLE_CODE = YES;
				CLANG_WARN__DUPLICATE_METHOD_MATCH = YES;
				COPY_PHASE_STRIP = NO;
				DEBUG_INFORMATION_FORMAT = dwarf;
				ENABLE_STRICT_OBJC_MSGSEND = YES;
				ENABLE_TESTABILITY = YES;
				ENABLE_USER_SCRIPT_SANDBOXING = YES;
				GCC_C_LANGUAGE_STANDARD = gnu17;
				GCC_DYNAMIC_NO_PIC = NO;
				GCC_NO_COMMON_BLOCKS = YES;
				GCC_OPTIMIZATION_LEVEL = 0;
				GCC_PREPROCESSOR_DEFINITIONS = (
					"DEBUG=1",
					"$(inherited)",
				);
				GCC_WARN_64_TO_32_BIT_CONVERSION = YES;
				GCC_WARN_ABOUT_RETURN_TYPE = YES_ERROR;
				GCC_WARN_UNDECLARED_SELECTOR = YES;
				GCC_WARN_UNINITIALIZED_AUTOS = YES_AGGRESSIVE;
				GCC_WARN_UNUSED_FUNCTION = YES;
				GCC_WARN_UNUSED_VARIABLE = YES;
				IPHONEOS_DEPLOYMENT_TARGET = 15.0;
				LOCALIZATION_PREFERS_STRING_CATALOGS = YES;
				MTL_ENABLE_DEBUG_INFO = INCLUDE_SOURCE;
				MTL_FAST_MATH = YES;
				ONLY_ACTIVE_ARCH = YES;
				SDKROOT = iphoneos;
				SWIFT_ACTIVE_COMPILATION_CONDITIONS = "DEBUG $(inherited)";
				SWIFT_OPTIMIZATION_LEVEL = "-Onone";
			};
			name = Debug;
		};
		01000026000000010000001 /* Release */ = {
			isa = XCBuildConfiguration;
			buildSettings = {
				ALWAYS_SEARCH_USER_PATHS = NO;
				ASSETCATALOG_COMPILER_GENERATE_SWIFT_ASSET_SYMBOL_EXTENSIONS = YES;
				CLANG_ANALYZER_NONNULL = YES;
				CLANG_ANALYZER_NUMBER_OBJECT_CONVERSION = YES_AGGRESSIVE;
				CLANG_CXX_LANGUAGE_STANDARD = "gnu++20";
				CLANG_ENABLE_MODULES = YES;
				CLANG_ENABLE_OBJC_ARC = YES;
				CLANG_ENABLE_OBJC_WEAK = YES;
				CLANG_WARN_BLOCK_CAPTURE_AUTORELEASING = YES;
				CLANG_WARN_BOOL_CONVERSION = YES;
				CLANG_WARN_COMMA = YES;
				CLANG_WARN_CONSTANT_CONVERSION = YES;
				CLANG_WARN_DEPRECATED_OBJC_IMPLEMENTATIONS = YES;
				CLANG_WARN_DIRECT_OBJC_ISA_USAGE = YES_ERROR;
				CLANG_WARN_DOCUMENTATION_COMMENTS = YES;
				CLANG_WARN_EMPTY_BODY = YES;
				CLANG_WARN_ENUM_CONVERSION = YES;
				CLANG_WARN_INFINITE_RECURSION = YES;
				CLANG_WARN_INT_CONVERSION = YES;
				CLANG_WARN_NON_LITERAL_NULL_CONVERSION = YES;
				CLANG_WARN_OBJC_IMPLICIT_RETAIN_SELF = YES;
				CLANG_WARN_OBJC_LITERAL_CONVERSION = YES;
				CLANG_WARN_OBJC_ROOT_CLASS = YES_ERROR;
				CLANG_WARN_QUOTED_INCLUDE_IN_FRAMEWORK_HEADER = YES;
				CLANG_WARN_RANGE_LOOP_ANALYSIS = YES;
				CLANG_WARN_STRICT_PROTOTYPES = YES;
				CLANG_WARN_SUSPICIOUS_MOVE = YES;
				CLANG_WARN_UNGUARDED_AVAILABILITY = YES_AGGRESSIVE;
				CLANG_WARN_UNREACHABLE_CODE = YES;
				CLANG_WARN__DUPLICATE_METHOD_MATCH = YES;
				COPY_PHASE_STRIP = NO;
				DEBUG_INFORMATION_FORMAT = "dwarf-with-dsym";
				ENABLE_NS_ASSERTIONS = NO;
				ENABLE_STRICT_OBJC_MSGSEND = YES;
				ENABLE_USER_SCRIPT_SANDBOXING = YES;
				GCC_C_LANGUAGE_STANDARD = gnu17;
				GCC_NO_COMMON_BLOCKS = YES;
				GCC_WARN_64_TO_32_BIT_CONVERSION = YES;
				GCC_WARN_ABOUT_RETURN_TYPE = YES_ERROR;
				GCC_WARN_UNDECLARED_SELECTOR = YES;
				GCC_WARN_UNINITIALIZED_AUTOS = YES_AGGRESSIVE;
				GCC_WARN_UNUSED_FUNCTION = YES;
				GCC_WARN_UNUSED_VARIABLE = YES;
				IPHONEOS_DEPLOYMENT_TARGET = 15.0;
				LOCALIZATION_PREFERS_STRING_CATALOGS = YES;
				MTL_ENABLE_DEBUG_INFO = NO;
				MTL_FAST_MATH = YES;
				SDKROOT = iphoneos;
				SWIFT_COMPILATION_MODE = wholemodule;
				VALIDATE_PRODUCT = YES;
			};
			name = Release;
		};
		01000027000000010000001 /* Debug */ = {
			isa = XCBuildConfiguration;
			buildSettings = {
				ASSETCATALOG_COMPILER_APPICON_NAME = AppIcon;
				ASSETCATALOG_COMPILER_GLOBAL_ACCENT_COLOR_NAME = AccentColor;
				CODE_SIGN_STYLE = Automatic;
				CURRENT_PROJECT_VERSION = 1;
				DEVELOPMENT_ASSET_PATHS = "";
				ENABLE_PREVIEWS = YES;
				GENERATE_INFOPLIST_FILE = NO;
				INFOPLIST_FILE = OrbitCove/Info.plist;
				INFOPLIST_KEY_UIApplicationSceneManifest_Generation = YES;
				INFOPLIST_KEY_UIApplicationSupportsIndirectInputEvents = YES;
				INFOPLIST_KEY_UILaunchScreen_Generation = YES;
				INFOPLIST_KEY_UISupportedInterfaceOrientations_iPad = "UIInterfaceOrientationPortrait UIInterfaceOrientationPortraitUpsideDown UIInterfaceOrientationLandscapeLeft UIInterfaceOrientationLandscapeRight";
				INFOPLIST_KEY_UISupportedInterfaceOrientations_iPhone = "UIInterfaceOrientationPortrait UIInterfaceOrientationLandscapeLeft UIInterfaceOrientationLandscapeRight";
				IPHONEOS_DEPLOYMENT_TARGET = 15.0;
				LD_RUNPATH_SEARCH_PATHS = (
					"$(inherited)",
					"@executable_path/Frameworks",
				);
				MARKETING_VERSION = 1.0;
				PRODUCT_BUNDLE_IDENTIFIER = com.orbitcove.app;
				PRODUCT_NAME = "$(TARGET_NAME)";
				SWIFT_EMIT_LOC_STRINGS = YES;
				SWIFT_VERSION = 5.0;
				TARGETED_DEVICE_FAMILY = "1,2";
			};
			name = Debug;
		};
		01000028000000010000001 /* Release */ = {
			isa = XCBuildConfiguration;
			buildSettings = {
				ASSETCATALOG_COMPILER_APPICON_NAME = AppIcon;
				ASSETCATALOG_COMPILER_GLOBAL_ACCENT_COLOR_NAME = AccentColor;
				CODE_SIGN_STYLE = Automatic;
				CURRENT_PROJECT_VERSION = 1;
				DEVELOPMENT_ASSET_PATHS = "";
				ENABLE_PREVIEWS = YES;
				GENERATE_INFOPLIST_FILE = NO;
				INFOPLIST_FILE = OrbitCove/Info.plist;
				INFOPLIST_KEY_UIApplicationSceneManifest_Generation = YES;
				INFOPLIST_KEY_UIApplicationSupportsIndirectInputEvents = YES;
				INFOPLIST_KEY_UILaunchScreen_Generation = YES;
				INFOPLIST_KEY_UISupportedInterfaceOrientations_iPad = "UIInterfaceOrientationPortrait UIInterfaceOrientationPortraitUpsideDown UIInterfaceOrientationLandscapeLeft UIInterfaceOrientationLandscapeRight";
				INFOPLIST_KEY_UISupportedInterfaceOrientations_iPhone = "UIInterfaceOrientationPortrait UIInterfaceOrientationLandscapeLeft UIInterfaceOrientationLandscapeRight";
				IPHONEOS_DEPLOYMENT_TARGET = 15.0;
				LD_RUNPATH_SEARCH_PATHS = (
					"$(inherited)",
					"@executable_path/Frameworks",
				);
				MARKETING_VERSION = 1.0;
				PRODUCT_BUNDLE_IDENTIFIER = com.orbitcove.app;
				PRODUCT_NAME = "$(TARGET_NAME)";
				SWIFT_EMIT_LOC_STRINGS = YES;
				SWIFT_VERSION = 5.0;
				TARGETED_DEVICE_FAMILY = "1,2";
			};
			name = Release;
		};
/* End XCBuildConfiguration section */

/* Begin XCConfigurationList section */
		01000020000000010000001 /* Build configuration list for PBXNativeTarget "OrbitCove" */ = {
			isa = XCConfigurationList;
			buildConfigurations = (
				01000027000000010000001 /* Debug */,
				01000028000000010000001 /* Release */,
			);
			defaultConfigurationIsVisible = 0;
			defaultConfigurationName = Release;
		};
		01000024000000010000001 /* Build configuration list for PBXProject "OrbitCove" */ = {
			isa = XCConfigurationList;
			buildConfigurations = (
				01000025000000010000001 /* Debug */,
				01000026000000010000001 /* Release */,
			);
			defaultConfigurationIsVisible = 0;
			defaultConfigurationName = Release;
		};
/* End XCConfigurationList section */
	};
	rootObject = 01000023000000010000001 /* Project object */;
}
